Microsoft Visual Studio Solution File, Format Version 12.00
# Visual Studio Version 17
VisualStudioVersion = 17.5.2.0
MinimumVisualStudioVersion = 10.0.40219.1
Project("{FAE04EC0-301F-11D3-BF4B-00C04F79EFBC}") = "SeaGypsies", "SeaGypsies.csproj", "{8FAC9EB4-7404-DF6F-E357-872FF16457DC}"
EndProject
Global
	GlobalSection(SolutionConfigurationPlatforms) = preSolution
		Debug|Any CPU = Debug|Any CPU
		Release|Any CPU = Release|Any CPU
	EndGlobalSection
	GlobalSection(ProjectConfigurationPlatforms) = postSolution
		{8FAC9EB4-7404-DF6F-E357-872FF16457DC}.Debug|Any CPU.ActiveCfg = Debug|Any CPU
		{8FAC9EB4-7404-DF6F-E357-872FF16457DC}.Debug|Any CPU.Build.0 = Debug|Any CPU
		{8FAC9EB4-7404-DF6F-E357-872FF16457DC}.Release|Any CPU.ActiveCfg = Release|Any CPU
		{8FAC9EB4-7404-DF6F-E357-872FF16457DC}.Release|Any CPU.Build.0 = Release|Any CPU
	EndGlobalSection
	GlobalSection(SolutionProperties) = preSolution
		HideSolutionNode = FALSE
	EndGlobalSection
	GlobalSection(ExtensibilityGlobals) = postSolution
		SolutionGuid = {5B6AF4E7-7923-40BE-A4EB-DB9BE788C164}
	EndGlobalSection
EndGlobal
